
Microsoft Visual Studio Solution File, Format Version 12.00
# Visual Studio Version 16
VisualStudioVersion = 16.0.30011.22
MinimumVisualStudioVersion = 10.0.40219.1
Project("{9A19103F-16F7-4668-BE54-9A1E7A4F7556}") = "Events", "Events\Events.csproj", "{0C16918E-FA25-4019-8F74-A283EB6B74A4}"
EndProject
Project("{FAE04EC0-301F-11D3-BF4B-00C04F79EFBC}") = "Action_Predicate", "Action_Predicate\Action_Predicate.csproj", "{58B3744D-8C6D-41F0-B3DB-DEC57B4937C6}"
EndProject
Project("{9A19103F-16F7-4668-BE54-9A1E7A4F7556}") = "Delegats", "Delegats\Delegats.csproj", "{C564C36D-1F81-4872-8652-FED29F0D14B2}"
EndProject
Global
	GlobalSection(SolutionConfigurationPlatforms) = preSolution
		Debug|Any CPU = Debug|Any CPU
		Release|Any CPU = Release|Any CPU
	EndGlobalSection
	GlobalSection(ProjectConfigurationPlatforms) = postSolution
		{0C16918E-FA25-4019-8F74-A283EB6B74A4}.Debug|Any CPU.ActiveCfg = Debug|Any CPU
		{0C16918E-FA25-4019-8F74-A283EB6B74A4}.Debug|Any CPU.Build.0 = Debug|Any CPU
		{0C16918E-FA25-4019-8F74-A283EB6B74A4}.Release|Any CPU.ActiveCfg = Release|Any CPU
		{0C16918E-FA25-4019-8F74-A283EB6B74A4}.Release|Any CPU.Build.0 = Release|Any CPU
		{58B3744D-8C6D-41F0-B3DB-DEC57B4937C6}.Debug|Any CPU.ActiveCfg = Debug|Any CPU
		{58B3744D-8C6D-41F0-B3DB-DEC57B4937C6}.Debug|Any CPU.Build.0 = Debug|Any CPU
		{58B3744D-8C6D-41F0-B3DB-DEC57B4937C6}.Release|Any CPU.ActiveCfg = Release|Any CPU
		{58B3744D-8C6D-41F0-B3DB-DEC57B4937C6}.Release|Any CPU.Build.0 = Release|Any CPU
		{C564C36D-1F81-4872-8652-FED29F0D14B2}.Debug|Any CPU.ActiveCfg = Debug|Any CPU
		{C564C36D-1F81-4872-8652-FED29F0D14B2}.Debug|Any CPU.Build.0 = Debug|Any CPU
		{C564C36D-1F81-4872-8652-FED29F0D14B2}.Release|Any CPU.ActiveCfg = Release|Any CPU
		{C564C36D-1F81-4872-8652-FED29F0D14B2}.Release|Any CPU.Build.0 = Release|Any CPU
	EndGlobalSection
	GlobalSection(SolutionProperties) = preSolution
		HideSolutionNode = FALSE
	EndGlobalSection
	GlobalSection(ExtensibilityGlobals) = postSolution
		SolutionGuid = {A65D26A4-E365-4CD7-9259-80B99385A116}
	EndGlobalSection
EndGlobal
